{
    "_meta": {
        "hash": {
            "sha256": "ca8cc0d9ca318d635db0366c1f4d9bb02c7f3d13933b8586c132c964065f0644"
        },
        "host-environment-markers": {
            "implementation_name": "cpython",
            "implementation_version": "3.5.2",
            "os_name": "posix",
            "platform_machine": "x86_64",
            "platform_python_implementation": "CPython",
            "platform_release": "4.4.0-96-generic",
            "platform_system": "Linux",
            "platform_version": "#119-Ubuntu SMP Tue Sep 12 14:59:54 UTC 2017",
            "python_full_version": "3.5.2",
            "python_version": "3.5",
            "sys_platform": "linux"
        },
        "pipfile-spec": 3,
        "requires": {
            "python_version": "3.5"
        },
        "sources": [
            {
                "url": "https://pypi.python.org/simple",
                "verify_ssl": true
            }
        ]
    },
    "default": {
        "backports.weakref": {
            "hashes": [
                "sha256:81bc9b51c0abc58edc76aefbbc68c62a787918ffe943a37947e162c3f8e19e82",
                "sha256:bc4170a29915f8b22c9e7c4939701859650f2eb84184aee80da329ac0b9825c2"
            ],
            "version": "==1.0.post1"
        },
        "bleach": {
            "hashes": [
                "sha256:e67f46adcec78dbc3c04462f3aba3213a673d5652eba2609ed1ef15492a44b8d",
                "sha256:978e758599b54cd3caa2e160d74102879b230ea8dc93871d0783721eef58bc65"
            ],
            "version": "==1.5.0"
        },
        "cycler": {
            "hashes": [
                "sha256:1d8a5ae1ff6c5cf9b93e8811e581232ad8920aeec647c37316ceac982b08cb2d",
                "sha256:cd7b2d1018258d7247a71425e9f26463dfb444d411c39569972f4ce586b0c9d8"
            ],
            "version": "==0.10.0"
        },
        "decorator": {
            "hashes": [
                "sha256:95a26b17806e284452bfd97fa20aa1e8cb4ee23542bda4dbac5e4562aa1642cd",
                "sha256:7cb64d38cb8002971710c8899fbdfb859a23a364b7c99dab19d1f719c2ba16b5"
            ],
            "version": "==4.1.2"
        },
        "funcsigs": {
            "hashes": [
                "sha256:330cc27ccbf7f1e992e69fef78261dc7c6569012cf397db8d3de0234e6c937ca",
                "sha256:a7bb0f2cf3a3fd1ab2732cb49eba4252c2af4240442415b4abce3b87022a8f50"
            ],
            "version": "==1.0.2"
        },
        "functools32": {
            "hashes": [
                "sha256:f6253dfbe0538ad2e387bd8fdfd9293c925d63553f5813c4e587745416501e6d",
                "sha256:89d824aa6c358c421a234d7f9ee0bd75933a67c29588ce50aaa3acdf4d403fa0"
            ],
            "version": "==3.2.3.post2"
        },
        "html5lib": {
            "hashes": [
                "sha256:2612a191a8d5842bfa057e41ba50bbb9dcb722419d2408c78cff4758d0754868"
            ],
            "version": "==0.9999999"
        },
        "markdown": {
            "hashes": [
                "sha256:73af797238b95768b3a9b6fe6270e250e5c09d988b8e5b223fd5efa4e06faf81"
            ],
            "version": "==2.6.9"
        },
        "matplotlib": {
            "hashes": [
                "sha256:30a3d8700dcad90eb43dcbde5107ccc5ec67241f34de377de11dbef371e4a683",
                "sha256:c23aca1fb3546b4b60a8ff16c1318874da05bf0dc47accd9cd818a99ad7b35d2",
                "sha256:025f49079f840dc887e593d86aa0cc02671bd9363919f209c1145fc12743df94",
                "sha256:8168cc902aaa965f033c099238b80f5a8853664324c5837b10fee688c12ec3b6",
                "sha256:d0da5ceba1a77130603b7b8cc3e5b8c58b7e733d3948fcec1fcf4aa812b024cc",
                "sha256:2a251c6c87cceb4677e3c35a8e1c73973d05025d8ed6322861102e1a336db5f8",
                "sha256:8814f728b1f037ebc20e7216f0c498bdd17daefa1a44d99f2466a4c21d0ff541",
                "sha256:1da49090f6286f54cdbccc423bed35417f621172d9aecbfc9608b87b99a73a11",
                "sha256:8e009ec991f39dc1c0f6f891bfb68e794a08ac98b5c343274099da2865e2f932",
                "sha256:afd8cb8194ee5500d7b5b9be034d9c13b0a3db0288d8988abaaa94b4ec7bbca5",
                "sha256:481da65b536183497952d0f620defea88206edb8387839a2802951956492cb1d",
                "sha256:64410b788c81e1f50ad7066d245e0a3421fbc278d2e26c34e2e4681f2a023b64",
                "sha256:c7bae47ab1c15da0265f8aa2d183457afd05c78fbb77e960a346bc87b3fdb57c",
                "sha256:ec9f09fd35624b735271997527e2c2fd7f905d1612ce5dabdda4836a15ab7411",
                "sha256:647c02a9f333cb7055f42527cf2bd85fb3615fd8de0cce4648d327efaffe5458",
                "sha256:7671819e29e43635f4e1fddc06dd86cd9d5a2fdeb67312538791e222e7ae3af7",
                "sha256:64dcf5e99d6c0b100903d4c8a339dbac6e0822870ef420fc09f656deb1dd73c6",
                "sha256:0ffbc44faa34a8b1704bc108c451ecf87988f900ef7ce757b8e2e84383121ff1"
            ],
            "version": "==2.0.2"
        },
        "mock": {
            "hashes": [
                "sha256:5ce3c71c5545b472da17b72268978914d0252980348636840bd34a00b5cc96c1",
                "sha256:b158b6df76edd239b8208d481dc46b6afd45a846b7812ff0ce58971cf5bc8bba"
            ],
            "version": "==2.0.0"
        },
        "networkx": {
            "hashes": [
                "sha256:cd5ff8f75d92c79237f067e2f0876824645d37f017cfffa5b7c9678cae1454aa"
            ],
            "version": "==2.0"
        },
        "numpy": {
            "hashes": [
                "sha256:a51b0788f098b76b5750d0b2352709fbe3fb4736ed93ab60028513ea2bf10259",
                "sha256:077dfc6c05fec867a9caaffbce22b0581894f885931111b0749eb95e3ad390be",
                "sha256:cf7a17d41027551bcb198e2de061ebbe1fee1affc332b4d3add650bc21794ec2",
                "sha256:6eeb63d026ba8e0bf177b50819a8a9a5a808ea82d3477001eb35a9ca3e4c698c",
                "sha256:4f9dd034b88604d0f67454e879a1d07d54794650fea51186b5199bb780530a07",
                "sha256:1b21a68ed1aa9e0d9eb4b72729f7e6bf6ad7a48d902a7ae2b7252926ed4616fd",
                "sha256:e9a2ebff47bf737e0e04e2c7545e843aab637716ab1b732e1ac0a8e1956444a9",
                "sha256:90eed22ffb0001e8330737b3323bd712eee7af898e726a0e8cb4c4d435f72d00",
                "sha256:9f3b213396ad52beba7b70b1bd9cbab11bd422ba756935aff9858af26ba98d35",
                "sha256:4bdce25f2aa0cc0f83c599cf2a57dc6c44d1e71264879da6ca411fafa4a6380e",
                "sha256:d01d6c03422d5a6663aba0022a552fb77c2e503f19a79ca4418d7da6a6165fee",
                "sha256:46f4da749206ca75def0eae3ce4d0985d9555c57e5121257eec56e3c351cd3c2",
                "sha256:8a8e5a848e362a864d40a0b99fcc4eccfc6618cd5f8c3587d74bc8c9796ee015",
                "sha256:6fc660f6713250307f340b3dae1811ff08a55697e4ee8393ede52f757d39c3e1",
                "sha256:5c159ac450569594c1f10c118e221c234a481f9fcfa157a736c80f52c6e698ec",
                "sha256:6930af9a8252454dc6ce037845c7d6c007671f6a156e64b1d8ff973ff42569a0",
                "sha256:2f10c7042587044e9791df60c3733d9b03b4a5d5f5bf3793c9c30ac7c376cfce",
                "sha256:2e80e8904636ce1f01d59c019f128161ae472171710b5541f6a535b3ab7f11e4",
                "sha256:1847a3dd54240b523b383e95635c5305b785c3fe932a2b6ac0a379c5788f1401",
                "sha256:9725d3cb40dccee76df0ce7816c8d80464b2ebf3d1c68a0620c9633d1b7ffc10",
                "sha256:da025523172dc61dab586d31e326bc3517004dfeb8e0337d2b556d76bb5217df",
                "sha256:4cecc6c842762154649fd1c976d40b5903c75076924464b46645af101019e1ad",
                "sha256:90ceeb683d69ef86cb424818d0bff7597b2a8d05f459679cf43d243c4442b8ba"
            ],
            "version": "==1.13.2"
        },
        "olefile": {
            "hashes": [
                "sha256:61f2ca0cd0aa77279eb943c07f607438edf374096b66332fae1ee64a6f0f73ad"
            ],
            "version": "==0.44"
        },
        "pbr": {
            "hashes": [
                "sha256:60c25b7dfd054ef9bb0ae327af949dd4676aa09ac3a9471cdc871d8a9213f9ac",
                "sha256:05f61c71aaefc02d8e37c0a3eeb9815ff526ea28b3b76324769e6158d7f95be1"
            ],
            "version": "==3.1.1"
        },
        "pillow": {
            "hashes": [
                "sha256:c7ba8b42923c1b5e72fe3b0aa792de8ffc13c5a3d4df8e88f06959d0835fea8e",
                "sha256:e07f388cf345b002853eabb720c234b281119cf4c2677d7e0b9ec4d8f9a18fbd",
                "sha256:3f265e43a0a93d2273138b5b2290d09927c253c49a166888ac15eda1a166e38a",
                "sha256:6d3e1f98dfcba332000441f465ec585e7c834aa648e4a83f73ec1b807083a756",
                "sha256:24e8bef1269598ef8f1f418575b12a15bb1a019ea177ad9445b197b8f209a7c8",
                "sha256:b818331ade410c660f754b489fd1bc5ff03b65d211746d1fa8537d60349eee75",
                "sha256:19d1cc97bad8ace5d601f0a52680d9f9228b5a326ac4f710da931179681f2099",
                "sha256:471f9e5b18277aa305c7024064ef0c9064bf8b819d46caac83bfae034ca90c03",
                "sha256:c9441bcd6c6830f48d949bf0367ba2ee97b9f152a152378c5b4aa4183884c205",
                "sha256:20a3c42e67af2d7cebf4c71b27efe30dd4621e135e9457abc80d0117631883d3",
                "sha256:5bf88e8144a9ad520a452a34adbf4dd92cbbcb9899c2e4f4b387957966291f21",
                "sha256:4be38c9ad2915e72579140d4fa3b79cccde29e8abe61ec2f8075d7a4f36b38df",
                "sha256:b8f8f50e2f1d85adec833607fed1f210962068e7807c62f266f3e53a0d81ac87",
                "sha256:8fd9376fcce33902851642d013101a7e2f7b5d3e05bd98b960b62f1be72d7a65",
                "sha256:bec34b7a66edc4ff92e5aed912cb4ebad6fe14e8a579f19ddcd8b352d76360a1",
                "sha256:7835c575bf744b2a6e5d48c480a37662b0ca247e9e54b217f6815fe57d6c5f9d",
                "sha256:a810b66a14500e203da8299b0e93c157b283a8baf81a9a631487d1b6890fb09f",
                "sha256:4757ad2eee627dca861289291512e66292ce535c2bc79210321c440381cf0901",
                "sha256:fd2648a3bfd95a2a06625c03852523bb6eec6b9fde6a647b989c73719a099cc4",
                "sha256:26861f6549e6d2133ca2d2db58e16459d8ac83e71616722e07ab267f7c010c15",
                "sha256:1abe01535e3afab9360a81e7cd2ed33379a60a96c944b153a82235b7cef71fdb",
                "sha256:f3b444e683f269b9ca64c0c313ed140b3c3ff65280597b788815227423e0abfd",
                "sha256:caad21c655bf4627bcd4db8e48c6a965ea428339ab43ac3e41af9fbc58e8bde7",
                "sha256:a1ba195e4f07e94c1c44cd651070b2b7d8328ef1bdccbee15549e684016df337",
                "sha256:3c7274c0f2468c30c1698e1ccd19d7a6df32a4aa98fddf5b886c8e870c4b82fb",
                "sha256:8197f06f2741310820d7a05add26418aee8e8f353bf6665a12ba9ad89a965a1d",
                "sha256:1cd69367c8f758692d619145bdafbdce5d9076e997d0280c1cc5093159406036",
                "sha256:a46df9776718170694dc20afc001baf6284506db8d150f54c089fabe82933b24",
                "sha256:795d41c6b6920907650ae1936e1e0b305ad5f4088deb9c3e9079d59fe60dbf4b",
                "sha256:c5fea3cf941e930df70b7e2fed65a411b80b674e1c71b8ae1ce84aba45e18d71",
                "sha256:8218acb51e20ac2cbdc1358be48cbab72e36ebd47f2ba7367542296ef13470ea",
                "sha256:a0d7888a64a9ab8c88410d2c235fb4685564dd07ec81a4b80b380d645f124f4d",
                "sha256:5e46edde8f40c64ff497dd8cca959f38007e85acd5158252d68c8a0798fc2776",
                "sha256:d24423abff2c32f68e53371bbab2e3f1c7383138b04bfdae2291dfbbe7aeddf4",
                "sha256:2136371b355be76e9d0360b1d16d87d303bcaa59b5107ee061cdc8f71b7c8e0f",
                "sha256:5b90cb8261a869353256f027daf8a5615e9e441980399808a25b7236a9c57098",
                "sha256:c724f65870e545316f9e82e4c6d608ab5aa9dd82d5185e5b2e72119378740073",
                "sha256:902d826f1f78f9d556c85bdfb776758eeabd28c9cf7a23dffd02a66678bd48d1",
                "sha256:c70b629025dc753b59c11b5f14d5522ef94dddd31a8fb03c449e8adfabdf482d",
                "sha256:d95e55d237a7dfe422ac47e1b384eec2b306d06adb0f19486c08d760e5a6eb63",
                "sha256:fdc3bebc9d02632dadfdffabb442518e6f56df9fbb7b12eb7192e45982ee5531",
                "sha256:460702ebd8b025d949520c346e7a42cc830a453af30bbb7f50273e42c88615f0",
                "sha256:d6ee5856903740f3f6878f7d9df3717a539cb2687e9205d7005399250f5de14f",
                "sha256:a168145bb95d3cedf7831eab05aa9ae2756a2ce900c281d281f76e64358caa09",
                "sha256:fcb44ce29eaa1ea4c98d9b8e50544b521b794be1b746d6a457a26a07dfb01ef2",
                "sha256:7ff60c2ca880715fa9b36315932d9ff5838d05ebf2ea2b06c48a09c33be94684",
                "sha256:99162bcec9d7d133da161d03b3423490418babf72be5dccd752852f409d00804"
            ],
            "version": "==4.2.1"
        },
        "protobuf": {
            "hashes": [
                "sha256:9f3be25ad48b051186ee88f9567a3f3f548facd360e0cb62568e2736d9cfda11",
                "sha256:1fcb9b704bc2e30767352d86b2664d8f65f8ed49654d7a80e7a150739724e80a",
                "sha256:61dbf86993a9312c3a0816b5252079a3943856003bf0380fea3098c929084ad4",
                "sha256:5b816951df388f4ab2adbd3f9ae5619b9a5d7033d14b005c345dc3ee88a7faf4",
                "sha256:41c4555d9754b985352ce5289fa3ba6b21ed715f595111e46e2b90ca53112475",
                "sha256:36d871fa54ec039b9153e7cbae1fa52a7cfdcd8105e47fb7efc8292b131d0a5c",
                "sha256:4d4815467f8a61b06d648699842b233017b201f7a16275d680ec5480f10e30e9",
                "sha256:ef02609ef445987976a3a26bff77119c518e0915c96661c3a3b17856d0ef6374"
            ],
            "version": "==3.4.0"
        },
        "pyparsing": {
            "hashes": [
                "sha256:fee43f17a9c4087e7ed1605bd6df994c6173c1e977d7ade7b651292fab2bd010",
                "sha256:0832bcf47acd283788593e7a0f542407bd9550a55a8a8435214a1960e04bcb04",
                "sha256:9e8143a3e15c13713506886badd96ca4b579a87fbdf49e550dbfc057d6cb218e",
                "sha256:281683241b25fe9b80ec9d66017485f6deff1af5cde372469134b56ca8447a07",
                "sha256:b8b3117ed9bdf45e14dcc89345ce638ec7e0e29b2b579fa1ecf32ce45ebac8a5",
                "sha256:8f1e18d3fd36c6795bb7e02a39fd05c611ffc2596c1e0d995d34d67630426c18",
                "sha256:e4d45427c6e20a59bf4f88c639dcc03ce30d193112047f94012102f235853a58"
            ],
            "version": "==2.2.0"
        },
        "python-dateutil": {
            "hashes": [
                "sha256:95511bae634d69bc7329ba55e646499a842bc4ec342ad54a8cdb65645a0aad3c",
                "sha256:891c38b2a02f5bb1be3e4793866c8df49c7d19baabf9c1bad62547e0b4866aca"
            ],
            "version": "==2.6.1"
        },
        "pytz": {
            "hashes": [
                "sha256:c883c2d6670042c7bc1688645cac73dd2b03193d1f7a6847b6154e96890be06d",
                "sha256:03c9962afe00e503e2d96abab4e8998a0f84d4230fa57afe1e0528473698cdd9",
                "sha256:487e7d50710661116325747a9cd1744d3323f8e49748e287bc9e659060ec6bf9",
                "sha256:43f52d4c6a0be301d53ebd867de05e2926c35728b3260157d274635a0a947f1c",
                "sha256:d1d6729c85acea5423671382868627129432fba9a89ecbb248d8d1c7a9f01c67",
                "sha256:54a935085f7bf101f86b2aff75bd9672b435f51c3339db2ff616e66845f2b8f9",
                "sha256:39504670abb5dae77f56f8eb63823937ce727d7cdd0088e6909e6dcac0f89043",
                "sha256:ddc93b6d41cfb81266a27d23a79e13805d4a5521032b512643af8729041a81b4",
                "sha256:f5c056e8f62d45ba8215e5cb8f50dfccb198b4b9fbea8500674f3443e4689589"
            ],
            "version": "==2017.2"
        },
        "pywavelets": {
            "hashes": [
                "sha256:eb7f30782ba48cd06b957f6c7728bdcdcc3159b7805bdbd362370d8f5cb81603",
                "sha256:30782f2f38d7b89cd6c0562bba70d6cdd14eeac53d9164ee58d2a21714f34047",
                "sha256:012dfae798fb7f6e522d0c9789ce73b442d2fe98396a6091adfacd1b24d4ae2f",
                "sha256:1d9094b9e5204e446b7ea750b4f5f0bec8d62f2abd740484addde593cfe8c4d5",
                "sha256:9d8729b972943cbd1849a75beb6a87878eb3f9fa9639d027f240d25c4269ae84",
                "sha256:50f386b422cd7005b8f69fc20d1502182d80e5b9f7345d5ca4b9ff640364d77d",
                "sha256:ebb3b3f460b1bd5214c49c18ee20971c8efffb9fa482fce0687be1630202cd65",
                "sha256:e6cf3644166884a35fe45c1027cbc76bcdd5c17a74b013f51f54e73a522b1393",
                "sha256:5bc9546c6f3d1af03d0d8d7a58459115cb526c337317f64f13486e0be96a51a7",
                "sha256:d69289039d7eb2ebc3275db7bf13d34df0c1bdf51955466a8ef792a309aaf0fe",
                "sha256:5e78b45c8726249df7225da1cf1d08e07ca4d84dd66d49182f23b090f48e21dc",
                "sha256:09f42f82ecc1be2f293f83f4e9c55866272cf9f92ac7a3b72705cba7512bd723",
                "sha256:b326fd1788beaf11cb14c7c336808f46a01c43e40294070a906eedd865b67d5f",
                "sha256:1b9f0af21aa8b211cda4ff4083478a9fb66ad5a3f2c06300ac84fd9377d95dfc",
                "sha256:c8795dcabedf97b3ad4978102140c40ab8f22579eb1e7516d251d57a58dd46c1",
                "sha256:15ae04312c007501b316d24de41f8df9c2a0fa7089e3724d584cd7b1cfd8fcae",
                "sha256:6607067b46ecbac6f6f2ebca83bcc20e51d77c022c6f033f62b9ec173eee5f60",
                "sha256:3cdf80fec5d93ccf5d529e4a481a4a318b14b44624cc8857686e7c682f73e706",
                "sha256:4c4aa204cc2cee71f5ed1302caa69a0a5e1d2b36ad56997b7f64e56cf8415a78",
                "sha256:f801fa177f2756da4d7c25ff49f0f09bf56adbdfb1e05582f377948d2faf18de",
                "sha256:2e596bbc4e9bc0a544cecdb1c2355ebda73e5a5afc25b20dfa2cded8ef20c94c",
                "sha256:8287961e62f4049491b4ae6d64da71bf98acdbbe593a62c6ceb0be5f06f4d253",
                "sha256:ce36e2f0648ea1781490b09515363f1f64446b0eac524603e5db5e180113bed9"
            ],
            "version": "==0.5.2"
        },
        "scikit-image": {
            "hashes": [
                "sha256:9fdef28d7f54411d80d37bbcede324c45abf44ee4b804f25e52c5967dfc2a00c",
                "sha256:b16e80c49bdd764d8e22e9a4edf741913c5b5b6c0918d8c8f266c2b5e385553e",
                "sha256:944feb2920ac6a8fc63f05c4abc6811d6fd270b7b5a586cef37cb4ce65534355",
                "sha256:dc2c0a351d1c30448c52df007ef1aa3d2a49dd1ded132e89a217e8ec4afe0f04",
                "sha256:d5a12eb267cb901de57318d00d3e7514035f10a8b5d6710d7ecce7d106ca0b43",
                "sha256:199ba92019c5549783aa629b615394bec7302572b6f5727017a78d3ccc737de9",
                "sha256:cdb41868c766d4607ded5c158fc195853859a0e3e108ab5804c3acdd3d592d86",
                "sha256:5c27b7b7500e3405114c8fda474a5be27823741c0e8e7cdb7142c8da8895f8fb",
                "sha256:353879ddf7483f4621872c49cd9bc8a0ad1c3154ac0670b70799922f4cb899e8"
            ],
            "version": "==0.13.1"
        },
        "scipy": {
            "hashes": [
                "sha256:1e8fedf602859b541ebae78667ccfc53158edef58d9ee19ee659309004565952",
                "sha256:023ee29faa76c184a607e21076f097dc32f3abba7c71ece374588f95920aa993",
                "sha256:2a26d06a642e3c9107ca06df125f5dc5507abe2b87fd7865415d03ab654b0b43",
                "sha256:b3e97be2cd9f052d984fc5ba2d441897971b744c64d658617944c47bc366f8ff",
                "sha256:78713101b32af384c564837fd7ae665a2a72cb6d49edbd8f32148d74724a65a8",
                "sha256:2c9e87d556b83a8e11de7a064856c3997bbaff7f9cf62bf63ff0623751549e4c",
                "sha256:b87a923ed390ba0aafcbbcc6f0e023d495f19d2bd22ae59bdef3b0aec6485b39",
                "sha256:2dc9bcfaa585d9d941fb1add0d160556fe8587c3800264a77643695565a2d279",
                "sha256:93825cc80c638d901099f657dfff852ad2421beb51cb7d1d3f91157741ebe287",
                "sha256:4118647273c907ed984da52b71fa2bbb30229f1820fb79b1ed087c8bc9a20cca",
                "sha256:4c26ef44e8bb2cd2aef11c60d163caa04670d6f42996789b209526677310ded2",
                "sha256:2a3b6ceadbb58d8b8d4a329f8219f9e6f17757ec6c85baf03987bbd2b728c263",
                "sha256:909be30bdd1d8cd57609760ea72a1499543169ed6ea5c66fad50946582682cf8",
                "sha256:4de84e3870228e8afd55a6e63e762aa7c9d1e3bd9a9ef5ab716835a69c77d257",
                "sha256:a19a2ca7a7336495ec180adeaa0dfdcf41e96dbbee90d51c3ed828ba570884e6"
            ],
            "version": "==0.19.1"
        },
        "six": {
            "hashes": [
                "sha256:832dc0e10feb1aa2c68dcc57dbb658f1c7e65b9b61af69048abc87a2db00a0eb",
                "sha256:70e8a77beed4562e7f14fe23a786b54f6296e34344c23bc42f07b15018ff98e9"
            ],
            "version": "==1.11.0"
        },
        "subprocess32": {
            "hashes": [
                "sha256:1e450a4a4c53bf197ad6402c564b9f7a53539385918ef8f12bdf430a61036590",
                "sha256:7e787be117aa7db8fd856998cf27ebafb3fcf3919eee4981d9edb5d22dd2d052"
            ],
            "version": "==3.2.7"
        },
        "tensorflow-gpu": {
            "hashes": [
                "sha256:507103d18007529f73bf653de2d5f45b9ee7405e2b255e5f0f5b3bf188f5de83",
                "sha256:879c31d2681f122cc813bdb4a24959b4f7995577e68fadfc5accbb041b7bdffe",
                "sha256:8d7e5441f965ecdbd78ab28237cd14847e1bf032cf94b0d1e2b2cc55a1c7e107",
                "sha256:f3d7cf997fad930be6a0676303daf2fd126b6ffc18c65597c9dd0dc726b49c45",
                "sha256:76893ff70c509cee4d6ebafa24a46cf6158d77f2e418d1057acdd55de5acd6bb",
                "sha256:e983982ce621e70f3f9259409b998f4559c792c8bc3be8e29f4d1cbbb66b8775",
                "sha256:f0283f20afa2ff33b06e47fe9570ad5ffcc2a805a083b4dd832727e21ed91c51"
            ],
            "version": "==1.3.0"
        },
        "tensorflow-tensorboard": {
            "hashes": [
                "sha256:aeb26eab083152f5000988fd3431a7d07589eb9af8b3bec3ea6ffe627b07113d",
                "sha256:43cced82ff466c788d35057f87b551c7785682f53acaa05597e202e62ee9c07f"
            ],
            "version": "==0.1.7"
        },
        "werkzeug": {
            "hashes": [
                "sha256:e8549c143af3ce6559699a01e26fa4174f4c591dbee0a499f3cd4c3781cdec3d",
                "sha256:903a7b87b74635244548b30d30db4c8947fe64c5198f58899ddcd3a13c23bb26"
            ],
            "version": "==0.12.2"
        },
        "wheel": {
            "hashes": [
                "sha256:e721e53864f084f956f40f96124a74da0631ac13fbbd1ba99e8e2b5e9cafdf64",
                "sha256:9515fe0a94e823fd90b08d22de45d7bde57c90edce705b22f5e1ecf7e1b653c8"
            ],
            "version": "==0.30.0"
        }
    },
    "develop": {}
}
